<?xml version="1.0" encoding="utf-8"?>
<Project ToolsVersion="4.0" xmlns="http://schemas.microsoft.com/developer/msbuild/2003">
  <ItemGroup>
    <Filter Include="01. Core">
      <UniqueIdentifier>{7fd26d00-5016-4ce9-b7ec-54790e99278d}</UniqueIdentifier>
    </Filter>
    <Filter Include="02. Manager">
      <UniqueIdentifier>{d7d0c9cc-9d54-4c1c-91a5-17b49d154b0a}</UniqueIdentifier>
    </Filter>
    <Filter Include="03. Object">
      <UniqueIdentifier>{b3671fdd-29c0-4809-8a91-a42187a519b8}</UniqueIdentifier>
    </Filter>
    <Filter Include="04. Scene">
      <UniqueIdentifier>{6318736d-b7e3-4302-99df-6dcb454e13e6}</UniqueIdentifier>
    </Filter>
    <Filter Include="05.Resource">
      <UniqueIdentifier>{889d9464-f765-44a2-befa-41b03ac3a088}</UniqueIdentifier>
    </Filter>
    <Filter Include="06. Module">
      <UniqueIdentifier>{05deeb25-26dd-4aa0-9189-fedc23d547b4}</UniqueIdentifier>
    </Filter>
    <Filter Include="99. Headers">
      <UniqueIdentifier>{c36e3b24-fff5-49e8-aa46-24d3f6112c2a}</UniqueIdentifier>
    </Filter>
    <Filter Include="03. Object\Player">
      <UniqueIdentifier>{fd971ca3-2769-41d5-a213-4a8e5290be0f}</UniqueIdentifier>
    </Filter>
    <Filter Include="리소스 파일">
      <UniqueIdentifier>{67DA6AB6-F800-4c08-8B7A-83BB121AAD01}</UniqueIdentifier>
      <Extensions>rc;ico;cur;bmp;dlg;rc2;rct;bin;rgs;gif;jpg;jpeg;jpe;resx;tiff;tif;png;wav;mfcribbon-ms</Extensions>
    </Filter>
    <Filter Include="03. Object\Map">
      <UniqueIdentifier>{8a2186e3-55b4-44c7-8266-5640c898d3ef}</UniqueIdentifier>
    </Filter>
    <Filter Include="03. Object\Gimmick">
      <UniqueIdentifier>{db107c6e-c834-4d86-be14-f28c58a7e0d5}</UniqueIdentifier>
    </Filter>
  </ItemGroup>
  <ItemGroup>
    <ClCompile Include="Main.cpp">
      <Filter>01. Core</Filter>
    </ClCompile>
    <ClCompile Include="Core.cpp">
      <Filter>01. Core</Filter>
    </ClCompile>
    <ClCompile Include="Console.cpp">
      <Filter>06. Module</Filter>
    </ClCompile>
    <ClCompile Include="Mci.cpp">
      <Filter>06. Module</Filter>
    </ClCompile>
    <ClCompile Include="KeyController.cpp">
      <Filter>06. Module</Filter>
    </ClCompile>
    <ClCompile Include="Player.cpp">
      <Filter>03. Object\Player</Filter>
    </ClCompile>
    <ClCompile Include="Map.cpp">
      <Filter>03. Object\Map</Filter>
    </ClCompile>
    <ClCompile Include="GimmickBase.cpp">
      <Filter>03. Object\Gimmick</Filter>
    </ClCompile>
    <ClCompile Include="WordGimmick.cpp">
      <Filter>03. Object\Gimmick</Filter>
    </ClCompile>
    <ClCompile Include="ColorGimmick.cpp">
      <Filter>03. Object\Gimmick</Filter>
    </ClCompile>
    <ClCompile Include="MainMenu.cpp">
      <Filter>04. Scene</Filter>
    </ClCompile>
    <ClCompile Include="GimmickManager.cpp">
      <Filter>02. Manager</Filter>
    </ClCompile>
    <ClCompile Include="PlayerWinCheck.cpp">
      <Filter>04. Scene</Filter>
    </ClCompile>
    <ClCompile Include="StageSelect.cpp">
      <Filter>04. Scene</Filter>
    </ClCompile>
  </ItemGroup>
  <ItemGroup>
    <ClInclude Include="Core.h">
      <Filter>01. Core</Filter>
    </ClInclude>
    <ClInclude Include="Console.h">
      <Filter>06. Module</Filter>
    </ClInclude>
    <ClInclude Include="Mci.h">
      <Filter>06. Module</Filter>
    </ClInclude>
    <ClInclude Include="KeyController.h">
      <Filter>06. Module</Filter>
    </ClInclude>
    <ClInclude Include="Enums.h">
      <Filter>99. Headers</Filter>
    </ClInclude>
    <ClInclude Include="Player.h">
      <Filter>03. Object\Player</Filter>
    </ClInclude>
    <ClInclude Include="Map.h">
      <Filter>03. Object\Map</Filter>
    </ClInclude>
    <ClInclude Include="GimmickBase.h">
      <Filter>03. Object\Gimmick</Filter>
    </ClInclude>
    <ClInclude Include="WordGimmick.h">
      <Filter>03. Object\Gimmick</Filter>
    </ClInclude>
    <ClInclude Include="ColorGimmick.h">
      <Filter>03. Object\Gimmick</Filter>
    </ClInclude>
    <ClInclude Include="MainMenu.h">
      <Filter>04. Scene</Filter>
    </ClInclude>
    <ClInclude Include="GimmickManager.h">
      <Filter>02. Manager</Filter>
    </ClInclude>
    <ClInclude Include="PlayerWinCheck.h">
      <Filter>04. Scene</Filter>
    </ClInclude>
    <ClInclude Include="StageSelect.h">
      <Filter>04. Scene</Filter>
    </ClInclude>
  </ItemGroup>
</Project>